// !$*UTF8*$!
{
	archiveVersion = 1;
	classes = {
	};
	objectVersion = 77;
	objects = {

/* Begin PBXContainerItemProxy section */
		B38CDFCA2E09B29400DE3A5D /* PBXContainerItemProxy */ = {
			isa = PBXContainerItemProxy;
			containerPortal = B38CDFAB2E09B29300DE3A5D /* Project object */;
			proxyType = 1;
			remoteGlobalIDString = B38CDFB22E09B29300DE3A5D;
			remoteInfo = VoiAssignment;
		};
		B38CDFD42E09B29400DE3A5D /* PBXContainerItemProxy */ = {
			isa = PBXContainerItemProxy;
			containerPortal = B38CDFAB2E09B29300DE3A5D /* Project object */;
			proxyType = 1;
			remoteGlobalIDString = B38CDFB22E09B29300DE3A5D;
			remoteInfo = VoiAssignment;
		};
/* End PBXContainerItemProxy section */

/* Begin PBXFileReference section */
		B38CDFB32E09B29300DE3A5D /* VoiAssignment.app */ = {isa = PBXFileReference; explicitFileType = wrapper.application; includeInIndex = 0; path = VoiAssignment.app; sourceTree = BUILT_PRODUCTS_DIR; };
		B38CDFC92E09B29400DE3A5D /* VoiAssignmentTests.xctest */ = {isa = PBXFileReference; explicitFileType = wrapper.cfbundle; includeInIndex = 0; path = VoiAssignmentTests.xctest; sourceTree = BUILT_PRODUCTS_DIR; };
		B38CDFD32E09B29400DE3A5D /* VoiAssignmentUITests.xctest */ = {isa = PBXFileReference; explicitFileType = wrapper.cfbundle; includeInIndex = 0; path = VoiAssignmentUITests.xctest; sourceTree = BUILT_PRODUCTS_DIR; };
/* End PBXFileReference section */

/* Begin PBXFileSystemSynchronizedBuildFileExceptionSet section */
		B38CDFDB2E09B29400DE3A5D /* Exceptions for "VoiAssignment" folder in "VoiAssignment" target */ = {
			isa = PBXFileSystemSynchronizedBuildFileExceptionSet;
			membershipExceptions = (
				Info.plist,
			);
			target = B38CDFB22E09B29300DE3A5D /* VoiAssignment */;
		};
		B38CE00D2E09B60600DE3A5D /* Exceptions for "VoiAssignment" folder in "VoiAssignmentUITests" target */ = {
			isa = PBXFileSystemSynchronizedBuildFileExceptionSet;
			membershipExceptions = (
				Common/AccessibilityIDs.swift,
			);
			target = B38CDFD22E09B29400DE3A5D /* VoiAssignmentUITests */;
		};
/* End PBXFileSystemSynchronizedBuildFileExceptionSet section */

/* Begin PBXFileSystemSynchronizedRootGroup section */
		B38CDFB52E09B29300DE3A5D /* VoiAssignment */ = {
			isa = PBXFileSystemSynchronizedRootGroup;
			exceptions = (
				B38CDFDB2E09B29400DE3A5D /* Exceptions for "VoiAssignment" folder in "VoiAssignment" target */,
				B38CE00D2E09B60600DE3A5D /* Exceptions for "VoiAssignment" folder in "VoiAssignmentUITests" target */,
			);
			path = VoiAssignment;
			sourceTree = "<group>";
		};
		B38CDFCC2E09B29400DE3A5D /* VoiAssignmentTests */ = {
			isa = PBXFileSystemSynchronizedRootGroup;
			path = VoiAssignmentTests;
			sourceTree = "<group>";
		};
		B38CDFD62E09B29400DE3A5D /* VoiAssignmentUITests */ = {
			isa = PBXFileSystemSynchronizedRootGroup;
			path = VoiAssignmentUITests;
			sourceTree = "<group>";
		};
/* End PBXFileSystemSynchronizedRootGroup section */

/* Begin PBXFrameworksBuildPhase section */
		B38CDFB02E09B29300DE3A5D /* Frameworks */ = {
			isa = PBXFrameworksBuildPhase;
			buildActionMask = 2147483647;
			files = (
			);
			runOnlyForDeploymentPostprocessing = 0;
		};
		B38CDFC62E09B29400DE3A5D /* Frameworks */ = {
			isa = PBXFrameworksBuildPhase;
			buildActionMask = 2147483647;
			files = (
			);
			runOnlyForDeploymentPostprocessing = 0;
		};
		B38CDFD02E09B29400DE3A5D /* Frameworks */ = {
			isa = PBXFrameworksBuildPhase;
			buildActionMask = 2147483647;
			files = (
			);
			runOnlyForDeploymentPostprocessing = 0;
		};
/* End PBXFrameworksBuildPhase section */

/* Begin PBXGroup section */
		B38CDFAA2E09B29300DE3A5D = {
			isa = PBXGroup;
			children = (
				B38CDFB52E09B29300DE3A5D /* VoiAssignment */,
				B38CDFCC2E09B29400DE3A5D /* VoiAssignmentTests */,
				B38CDFD62E09B29400DE3A5D /* VoiAssignmentUITests */,
				B38CDFB42E09B29300DE3A5D /* Products */,
			);
			sourceTree = "<group>";
		};
		B38CDFB42E09B29300DE3A5D /* Products */ = {
			isa = PBXGroup;
			children = (
				B38CDFB32E09B29300DE3A5D /* VoiAssignment.app */,
				B38CDFC92E09B29400DE3A5D /* VoiAssignmentTests.xctest */,
				B38CDFD32E09B29400DE3A5D /* VoiAssignmentUITests.xctest */,
			);
			name = Products;
			sourceTree = "<group>";
		};
/* End PBXGroup section */

/* Begin PBXNativeTarget section */
		B38CDFB22E09B29300DE3A5D /* VoiAssignment */ = {
			isa = PBXNativeTarget;
			buildConfigurationList = B38CDFDC2E09B29400DE3A5D /* Build configuration list for PBXNativeTarget "VoiAssignment" */;
			buildPhases = (
				B38CDFAF2E09B29300DE3A5D /* Sources */,
				B38CDFB02E09B29300DE3A5D /* Frameworks */,
				B38CDFB12E09B29300DE3A5D /* Resources */,
			);
			buildRules = (
			);
			dependencies = (
			);
			fileSystemSynchronizedGroups = (
				B38CDFB52E09B29300DE3A5D /* VoiAssignment */,
			);
			name = VoiAssignment;
			packageProductDependencies = (
			);
			productName = VoiAssignment;
			productReference = B38CDFB32E09B29300DE3A5D /* VoiAssignment.app */;
			productType = "com.apple.product-type.application";
		};
		B38CDFC82E09B29400DE3A5D /* VoiAssignmentTests */ = {
			isa = PBXNativeTarget;
			buildConfigurationList = B38CDFE12E09B29400DE3A5D /* Build configuration list for PBXNativeTarget "VoiAssignmentTests" */;
			buildPhases = (
				B38CDFC52E09B29400DE3A5D /* Sources */,
				B38CDFC62E09B29400DE3A5D /* Frameworks */,
				B38CDFC72E09B29400DE3A5D /* Resources */,
			);
			buildRules = (
			);
			dependencies = (
				B38CDFCB2E09B29400DE3A5D /* PBXTargetDependency */,
			);
			fileSystemSynchronizedGroups = (
				B38CDFCC2E09B29400DE3A5D /* VoiAssignmentTests */,
			);
			name = VoiAssignmentTests;
			packageProductDependencies = (
			);
			productName = VoiAssignmentTests;
			productReference = B38CDFC92E09B29400DE3A5D /* VoiAssignmentTests.xctest */;
			productType = "com.apple.product-type.bundle.unit-test";
		};
		B38CDFD22E09B29400DE3A5D /* VoiAssignmentUITests */ = {
			isa = PBXNativeTarget;
			buildConfigurationList = B38CDFE42E09B29400DE3A5D /* Build configuration list for PBXNativeTarget "VoiAssignmentUITests" */;
			buildPhases = (
				B38CDFCF2E09B29400DE3A5D /* Sources */,
				B38CDFD02E09B29400DE3A5D /* Frameworks */,
				B38CDFD12E09B29400DE3A5D /* Resources */,
			);
			buildRules = (
			);
			dependencies = (
				B38CDFD52E09B29400DE3A5D /* PBXTargetDependency */,
			);
			fileSystemSynchronizedGroups = (
				B38CDFD62E09B29400DE3A5D /* VoiAssignmentUITests */,
			);
			name = VoiAssignmentUITests;
			packageProductDependencies = (
			);
			productName = VoiAssignmentUITests;
			productReference = B38CDFD32E09B29400DE3A5D /* VoiAssignmentUITests.xctest */;
			productType = "com.apple.product-type.bundle.ui-testing";
		};
/* End PBXNativeTarget section */

/* Begin PBXProject section */
		B38CDFAB2E09B29300DE3A5D /* Project object */ = {
			isa = PBXProject;
			attributes = {
				BuildIndependentTargetsInParallel = 1;
				LastSwiftUpdateCheck = 1620;
				LastUpgradeCheck = 1620;
				TargetAttributes = {
					B38CDFB22E09B29300DE3A5D = {
						CreatedOnToolsVersion = 16.2;
					};
					B38CDFC82E09B29400DE3A5D = {
						CreatedOnToolsVersion = 16.2;
						TestTargetID = B38CDFB22E09B29300DE3A5D;
					};
					B38CDFD22E09B29400DE3A5D = {
						CreatedOnToolsVersion = 16.2;
						TestTargetID = B38CDFB22E09B29300DE3A5D;
					};
				};
			};
			buildConfigurationList = B38CDFAE2E09B29300DE3A5D /* Build configuration list for PBXProject "VoiAssignment" */;
			developmentRegion = en;
			hasScannedForEncodings = 0;
			knownRegions = (
				en,
				Base,
			);
			mainGroup = B38CDFAA2E09B29300DE3A5D;
			minimizedProjectReferenceProxies = 1;
			preferredProjectObjectVersion = 77;
			productRefGroup = B38CDFB42E09B29300DE3A5D /* Products */;
			projectDirPath = "";
			projectRoot = "";
			targets = (
				B38CDFB22E09B29300DE3A5D /* VoiAssignment */,
				B38CDFC82E09B29400DE3A5D /* VoiAssignmentTests */,
				B38CDFD22E09B29400DE3A5D /* VoiAssignmentUITests */,
			);
		};
/* End PBXProject section */

/* Begin PBXResourcesBuildPhase section */
		B38CDFB12E09B29300DE3A5D /* Resources */ = {
			isa = PBXResourcesBuildPhase;
			buildActionMask = 2147483647;
			files = (
			);
			runOnlyForDeploymentPostprocessing = 0;
		};
		B38CDFC72E09B29400DE3A5D /* Resources */ = {
			isa = PBXResourcesBuildPhase;
			buildActionMask = 2147483647;
			files = (
			);
			runOnlyForDeploymentPostprocessing = 0;
		};
		B38CDFD12E09B29400DE3A5D /* Resources */ = {
			isa = PBXResourcesBuildPhase;
			buildActionMask = 2147483647;
			files = (
			);
			runOnlyForDeploymentPostprocessing = 0;
		};
/* End PBXResourcesBuildPhase section */

/* Begin PBXSourcesBuildPhase section */
		B38CDFAF2E09B29300DE3A5D /* Sources */ = {
			isa = PBXSourcesBuildPhase;
			buildActionMask = 2147483647;
			files = (
			);
			runOnlyForDeploymentPostprocessing = 0;
		};
		B38CDFC52E09B29400DE3A5D /* Sources */ = {
			isa = PBXSourcesBuildPhase;
			buildActionMask = 2147483647;
			files = (
			);
			runOnlyForDeploymentPostprocessing = 0;
		};
		B38CDFCF2E09B29400DE3A5D /* Sources */ = {
			isa = PBXSourcesBuildPhase;
			buildActionMask = 2147483647;
			files = (
			);
			runOnlyForDeploymentPostprocessing = 0;
		};
/* End PBXSourcesBuildPhase section */

/* Begin PBXTargetDependency section */
		B38CDFCB2E09B29400DE3A5D /* PBXTargetDependency */ = {
			isa = PBXTargetDependency;
			target = B38CDFB22E09B29300DE3A5D /* VoiAssignment */;
			targetProxy = B38CDFCA2E09B29400DE3A5D /* PBXContainerItemProxy */;
		};
		B38CDFD52E09B29400DE3A5D /* PBXTargetDependency */ = {
			isa = PBXTargetDependency;
			target = B38CDFB22E09B29300DE3A5D /* VoiAssignment */;
			targetProxy = B38CDFD42E09B29400DE3A5D /* PBXContainerItemProxy */;
		};
/* End PBXTargetDependency section */

/* Begin XCBuildConfiguration section */
		B38CDFDD2E09B29400DE3A5D /* Debug */ = {
			isa = XCBuildConfiguration;
			buildSettings = {
				ASSETCATALOG_COMPILER_APPICON_NAME = AppIcon;
				ASSETCATALOG_COMPILER_GLOBAL_ACCENT_COLOR_NAME = AccentColor;
				CODE_SIGN_STYLE = Automatic;
				CURRENT_PROJECT_VERSION = 1;
				DEVELOPMENT_TEAM = DZ9T3X2856;
				GENERATE_INFOPLIST_FILE = YES;
				INFOPLIST_FILE = VoiAssignment/Info.plist;
				INFOPLIST_KEY_NSCameraUsageDescription = "This app uses camera for QR Code Scan";
				INFOPLIST_KEY_UIApplicationSupportsIndirectInputEvents = YES;
				INFOPLIST_KEY_UILaunchStoryboardName = LaunchScreen;
				INFOPLIST_KEY_UIMainStoryboardFile = Main;
				INFOPLIST_KEY_UIRequiresFullScreen = YES;
				INFOPLIST_KEY_UISupportedInterfaceOrientations = UIInterfaceOrientationPortrait;
				IPHONEOS_DEPLOYMENT_TARGET = 16.0;
				LD_RUNPATH_SEARCH_PATHS = (
					"$(inherited)",
					"@executable_path/Frameworks",
				);
				MARKETING_VERSION = 1.0;
				PRODUCT_BUNDLE_IDENTIFIER = com.gaia.VoiAssignment;
				PRODUCT_NAME = "$(TARGET_NAME)";
				SUPPORTED_PLATFORMS = "iphoneos iphonesimulator";
				SUPPORTS_MACCATALYST = NO;
				SUPPORTS_MAC_DESIGNED_FOR_IPHONE_IPAD = NO;
				SUPPORTS_XR_DESIGNED_FOR_IPHONE_IPAD = NO;
				SWIFT_EMIT_LOC_STRINGS = YES;
				SWIFT_VERSION = 5.0;
				TARGETED_DEVICE_FAMILY = "1,2";
			};
			name = Debug;
		};
		B38CDFDE2E09B29400DE3A5D /* Release */ = {
			isa = XCBuildConfiguration;
			buildSettings = {
				ASSETCATALOG_COMPILER_APPICON_NAME = AppIcon;
				ASSETCATALOG_COMPILER_GLOBAL_ACCENT_COLOR_NAME = AccentColor;
				CODE_SIGN_STYLE = Automatic;
				CURRENT_PROJECT_VERSION = 1;
				DEVELOPMENT_TEAM = DZ9T3X2856;
				GENERATE_INFOPLIST_FILE = YES;
				INFOPLIST_FILE = VoiAssignment/Info.plist;
				INFOPLIST_KEY_NSCameraUsageDescription = "This app uses camera for QR Code Scan";
				INFOPLIST_KEY_UIApplicationSupportsIndirectInputEvents = YES;
				INFOPLIST_KEY_UILaunchStoryboardName = LaunchScreen;
				INFOPLIST_KEY_UIMainStoryboardFile = Main;
				INFOPLIST_KEY_UIRequiresFullScreen = YES;
				INFOPLIST_KEY_UISupportedInterfaceOrientations = UIInterfaceOrientationPortrait;
				IPHONEOS_DEPLOYMENT_TARGET = 16.0;
				LD_RUNPATH_SEARCH_PATHS = (
					"$(inherited)",
					"@executable_path/Frameworks",
				);
				MARKETING_VERSION = 1.0;
				PRODUCT_BUNDLE_IDENTIFIER = com.gaia.VoiAssignment;
				PRODUCT_NAME = "$(TARGET_NAME)";
				SUPPORTED_PLATFORMS = "iphoneos iphonesimulator";
				SUPPORTS_MACCATALYST = NO;
				SUPPORTS_MAC_DESIGNED_FOR_IPHONE_IPAD = NO;
				SUPPORTS_XR_DESIGNED_FOR_IPHONE_IPAD = NO;
				SWIFT_EMIT_LOC_STRINGS = YES;
				SWIFT_VERSION = 5.0;
				TARGETED_DEVICE_FAMILY = "1,2";
			};
			name = Release;
		};
		B38CDFDF2E09B29400DE3A5D /* Debug */ = {
			isa = XCBuildConfiguration;
			buildSettings = {
				ALWAYS_SEARCH_USER_PATHS = NO;
				ASSETCATALOG_COMPILER_GENERATE_SWIFT_ASSET_SYMBOL_EXTENSIONS = YES;
				CLANG_ANALYZER_NONNULL = YES;
				CLANG_ANALYZER_NUMBER_OBJECT_CONVERSION = YES_AGGRESSIVE;
				CLANG_CXX_LANGUAGE_STANDARD = "gnu++20";
				CLANG_ENABLE_MODULES = YES;
				CLANG_ENABLE_OBJC_ARC = YES;
				CLANG_ENABLE_OBJC_WEAK = YES;
				CLANG_WARN_BLOCK_CAPTURE_AUTORELEASING = YES;
				CLANG_WARN_BOOL_CONVERSION = YES;
				CLANG_WARN_COMMA = YES;
				CLANG_WARN_CONSTANT_CONVERSION = YES;
				CLANG_WARN_DEPRECATED_OBJC_IMPLEMENTATIONS = YES;
				CLANG_WARN_DIRECT_OBJC_ISA_USAGE = YES_ERROR;
				CLANG_WARN_DOCUMENTATION_COMMENTS = YES;
				CLANG_WARN_EMPTY_BODY = YES;
				CLANG_WARN_ENUM_CONVERSION = YES;
				CLANG_WARN_INFINITE_RECURSION = YES;
				CLANG_WARN_INT_CONVERSION = YES;
				CLANG_WARN_NON_LITERAL_NULL_CONVERSION = YES;
				CLANG_WARN_OBJC_IMPLICIT_RETAIN_SELF = YES;
				CLANG_WARN_OBJC_LITERAL_CONVERSION = YES;
				CLANG_WARN_OBJC_ROOT_CLASS = YES_ERROR;
				CLANG_WARN_QUOTED_INCLUDE_IN_FRAMEWORK_HEADER = YES;
				CLANG_WARN_RANGE_LOOP_ANALYSIS = YES;
				CLANG_WARN_STRICT_PROTOTYPES = YES;
				CLANG_WARN_SUSPICIOUS_MOVE = YES;
				CLANG_WARN_UNGUARDED_AVAILABILITY = YES_AGGRESSIVE;
				CLANG_WARN_UNREACHABLE_CODE = YES;
				CLANG_WARN__DUPLICATE_METHOD_MATCH = YES;
				COPY_PHASE_STRIP = NO;
				DEBUG_INFORMATION_FORMAT = dwarf;
				ENABLE_STRICT_OBJC_MSGSEND = YES;
				ENABLE_TESTABILITY = YES;
				ENABLE_USER_SCRIPT_SANDBOXING = YES;
				GCC_C_LANGUAGE_STANDARD = gnu17;
				GCC_DYNAMIC_NO_PIC = NO;
				GCC_NO_COMMON_BLOCKS = YES;
				GCC_OPTIMIZATION_LEVEL = 0;
				GCC_PREPROCESSOR_DEFINITIONS = (
					"DEBUG=1",
					"$(inherited)",
				);
				GCC_WARN_64_TO_32_BIT_CONVERSION = YES;
				GCC_WARN_ABOUT_RETURN_TYPE = YES_ERROR;
				GCC_WARN_UNDECLARED_SELECTOR = YES;
				GCC_WARN_UNINITIALIZED_AUTOS = YES_AGGRESSIVE;
				GCC_WARN_UNUSED_FUNCTION = YES;
				GCC_WARN_UNUSED_VARIABLE = YES;
				IPHONEOS_DEPLOYMENT_TARGET = 18.2;
				LOCALIZATION_PREFERS_STRING_CATALOGS = YES;
				MTL_ENABLE_DEBUG_INFO = INCLUDE_SOURCE;
				MTL_FAST_MATH = YES;
				ONLY_ACTIVE_ARCH = YES;
				SDKROOT = iphoneos;
				SWIFT_ACTIVE_COMPILATION_CONDITIONS = "DEBUG $(inherited)";
				SWIFT_OPTIMIZATION_LEVEL = "-Onone";
			};
			name = Debug;
		};
		B38CDFE02E09B29400DE3A5D /* Release */ = {
			isa = XCBuildConfiguration;
			buildSettings = {
				ALWAYS_SEARCH_USER_PATHS = NO;
				ASSETCATALOG_COMPILER_GENERATE_SWIFT_ASSET_SYMBOL_EXTENSIONS = YES;
				CLANG_ANALYZER_NONNULL = YES;
				CLANG_ANALYZER_NUMBER_OBJECT_CONVERSION = YES_AGGRESSIVE;
				CLANG_CXX_LANGUAGE_STANDARD = "gnu++20";
				CLANG_ENABLE_MODULES = YES;
				CLANG_ENABLE_OBJC_ARC = YES;
				CLANG_ENABLE_OBJC_WEAK = YES;
				CLANG_WARN_BLOCK_CAPTURE_AUTORELEASING = YES;
				CLANG_WARN_BOOL_CONVERSION = YES;
				CLANG_WARN_COMMA = YES;
				CLANG_WARN_CONSTANT_CONVERSION = YES;
				CLANG_WARN_DEPRECATED_OBJC_IMPLEMENTATIONS = YES;
				CLANG_WARN_DIRECT_OBJC_ISA_USAGE = YES_ERROR;
				CLANG_WARN_DOCUMENTATION_COMMENTS = YES;
				CLANG_WARN_EMPTY_BODY = YES;
				CLANG_WARN_ENUM_CONVERSION = YES;
				CLANG_WARN_INFINITE_RECURSION = YES;
				CLANG_WARN_INT_CONVERSION = YES;
				CLANG_WARN_NON_LITERAL_NULL_CONVERSION = YES;
				CLANG_WARN_OBJC_IMPLICIT_RETAIN_SELF = YES;
				CLANG_WARN_OBJC_LITERAL_CONVERSION = YES;
				CLANG_WARN_OBJC_ROOT_CLASS = YES_ERROR;
				CLANG_WARN_QUOTED_INCLUDE_IN_FRAMEWORK_HEADER = YES;
				CLANG_WARN_RANGE_LOOP_ANALYSIS = YES;
				CLANG_WARN_STRICT_PROTOTYPES = YES;
				CLANG_WARN_SUSPICIOUS_MOVE = YES;
				CLANG_WARN_UNGUARDED_AVAILABILITY = YES_AGGRESSIVE;
				CLANG_WARN_UNREACHABLE_CODE = YES;
				CLANG_WARN__DUPLICATE_METHOD_MATCH = YES;
				COPY_PHASE_STRIP = NO;
				DEBUG_INFORMATION_FORMAT = "dwarf-with-dsym";
				ENABLE_NS_ASSERTIONS = NO;
				ENABLE_STRICT_OBJC_MSGSEND = YES;
				ENABLE_USER_SCRIPT_SANDBOXING = YES;
				GCC_C_LANGUAGE_STANDARD = gnu17;
				GCC_NO_COMMON_BLOCKS = YES;
				GCC_WARN_64_TO_32_BIT_CONVERSION = YES;
				GCC_WARN_ABOUT_RETURN_TYPE = YES_ERROR;
				GCC_WARN_UNDECLARED_SELECTOR = YES;
				GCC_WARN_UNINITIALIZED_AUTOS = YES_AGGRESSIVE;
				GCC_WARN_UNUSED_FUNCTION = YES;
				GCC_WARN_UNUSED_VARIABLE = YES;
				IPHONEOS_DEPLOYMENT_TARGET = 18.2;
				LOCALIZATION_PREFERS_STRING_CATALOGS = YES;
				MTL_ENABLE_DEBUG_INFO = NO;
				MTL_FAST_MATH = YES;
				SDKROOT = iphoneos;
				SWIFT_COMPILATION_MODE = wholemodule;
				VALIDATE_PRODUCT = YES;
			};
			name = Release;
		};
		B38CDFE22E09B29400DE3A5D /* Debug */ = {
			isa = XCBuildConfiguration;
			buildSettings = {
				BUNDLE_LOADER = "$(TEST_HOST)";
				CODE_SIGN_STYLE = Automatic;
				CURRENT_PROJECT_VERSION = 1;
				DEVELOPMENT_TEAM = DZ9T3X2856;
				GENERATE_INFOPLIST_FILE = YES;
				IPHONEOS_DEPLOYMENT_TARGET = 16.0;
				MARKETING_VERSION = 1.0;
				PRODUCT_BUNDLE_IDENTIFIER = com.gaia.VoiAssignmentTests;
				PRODUCT_NAME = "$(TARGET_NAME)";
				SUPPORTED_PLATFORMS = "iphoneos iphonesimulator";
				SUPPORTS_MACCATALYST = NO;
				SUPPORTS_MAC_DESIGNED_FOR_IPHONE_IPAD = NO;
				SUPPORTS_XR_DESIGNED_FOR_IPHONE_IPAD = NO;
				SWIFT_EMIT_LOC_STRINGS = NO;
				SWIFT_VERSION = 5.0;
				TARGETED_DEVICE_FAMILY = "1,2";
				TEST_HOST = "$(BUILT_PRODUCTS_DIR)/VoiAssignment.app/$(BUNDLE_EXECUTABLE_FOLDER_PATH)/VoiAssignment";
			};
			name = Debug;
		};
		B38CDFE32E09B29400DE3A5D /* Release */ = {
			isa = XCBuildConfiguration;
			buildSettings = {
				BUNDLE_LOADER = "$(TEST_HOST)";
				CODE_SIGN_STYLE = Automatic;
				CURRENT_PROJECT_VERSION = 1;
				DEVELOPMENT_TEAM = DZ9T3X2856;
				GENERATE_INFOPLIST_FILE = YES;
				IPHONEOS_DEPLOYMENT_TARGET = 16.0;
				MARKETING_VERSION = 1.0;
				PRODUCT_BUNDLE_IDENTIFIER = com.gaia.VoiAssignmentTests;
				PRODUCT_NAME = "$(TARGET_NAME)";
				SUPPORTED_PLATFORMS = "iphoneos iphonesimulator";
				SUPPORTS_MACCATALYST = NO;
				SUPPORTS_MAC_DESIGNED_FOR_IPHONE_IPAD = NO;
				SUPPORTS_XR_DESIGNED_FOR_IPHONE_IPAD = NO;
				SWIFT_EMIT_LOC_STRINGS = NO;
				SWIFT_VERSION = 5.0;
				TARGETED_DEVICE_FAMILY = "1,2";
				TEST_HOST = "$(BUILT_PRODUCTS_DIR)/VoiAssignment.app/$(BUNDLE_EXECUTABLE_FOLDER_PATH)/VoiAssignment";
			};
			name = Release;
		};
		B38CDFE52E09B29400DE3A5D /* Debug */ = {
			isa = XCBuildConfiguration;
			buildSettings = {
				CODE_SIGN_STYLE = Automatic;
				CURRENT_PROJECT_VERSION = 1;
				DEVELOPMENT_TEAM = DZ9T3X2856;
				GENERATE_INFOPLIST_FILE = YES;
				IPHONEOS_DEPLOYMENT_TARGET = 16.0;
				MARKETING_VERSION = 1.0;
				PRODUCT_BUNDLE_IDENTIFIER = com.gaia.VoiAssignmentUITests;
				PRODUCT_NAME = "$(TARGET_NAME)";
				SUPPORTED_PLATFORMS = "iphoneos iphonesimulator";
				SUPPORTS_MACCATALYST = NO;
				SUPPORTS_MAC_DESIGNED_FOR_IPHONE_IPAD = NO;
				SUPPORTS_XR_DESIGNED_FOR_IPHONE_IPAD = NO;
				SWIFT_EMIT_LOC_STRINGS = NO;
				SWIFT_VERSION = 5.0;
				TARGETED_DEVICE_FAMILY = "1,2";
				TEST_TARGET_NAME = VoiAssignment;
			};
			name = Debug;
		};
		B38CDFE62E09B29400DE3A5D /* Release */ = {
			isa = XCBuildConfiguration;
			buildSettings = {
				CODE_SIGN_STYLE = Automatic;
				CURRENT_PROJECT_VERSION = 1;
				DEVELOPMENT_TEAM = DZ9T3X2856;
				GENERATE_INFOPLIST_FILE = YES;
				IPHONEOS_DEPLOYMENT_TARGET = 16.0;
				MARKETING_VERSION = 1.0;
				PRODUCT_BUNDLE_IDENTIFIER = com.gaia.VoiAssignmentUITests;
				PRODUCT_NAME = "$(TARGET_NAME)";
				SUPPORTED_PLATFORMS = "iphoneos iphonesimulator";
				SUPPORTS_MACCATALYST = NO;
				SUPPORTS_MAC_DESIGNED_FOR_IPHONE_IPAD = NO;
				SUPPORTS_XR_DESIGNED_FOR_IPHONE_IPAD = NO;
				SWIFT_EMIT_LOC_STRINGS = NO;
				SWIFT_VERSION = 5.0;
				TARGETED_DEVICE_FAMILY = "1,2";
				TEST_TARGET_NAME = VoiAssignment;
			};
			name = Release;
		};
/* End XCBuildConfiguration section */

/* Begin XCConfigurationList section */
		B38CDFAE2E09B29300DE3A5D /* Build configuration list for PBXProject "VoiAssignment" */ = {
			isa = XCConfigurationList;
			buildConfigurations = (
				B38CDFDF2E09B29400DE3A5D /* Debug */,
				B38CDFE02E09B29400DE3A5D /* Release */,
			);
			defaultConfigurationIsVisible = 0;
			defaultConfigurationName = Release;
		};
		B38CDFDC2E09B29400DE3A5D /* Build configuration list for PBXNativeTarget "VoiAssignment" */ = {
			isa = XCConfigurationList;
			buildConfigurations = (
				B38CDFDD2E09B29400DE3A5D /* Debug */,
				B38CDFDE2E09B29400DE3A5D /* Release */,
			);
			defaultConfigurationIsVisible = 0;
			defaultConfigurationName = Release;
		};
		B38CDFE12E09B29400DE3A5D /* Build configuration list for PBXNativeTarget "VoiAssignmentTests" */ = {
			isa = XCConfigurationList;
			buildConfigurations = (
				B38CDFE22E09B29400DE3A5D /* Debug */,
				B38CDFE32E09B29400DE3A5D /* Release */,
			);
			defaultConfigurationIsVisible = 0;
			defaultConfigurationName = Release;
		};
		B38CDFE42E09B29400DE3A5D /* Build configuration list for PBXNativeTarget "VoiAssignmentUITests" */ = {
			isa = XCConfigurationList;
			buildConfigurations = (
				B38CDFE52E09B29400DE3A5D /* Debug */,
				B38CDFE62E09B29400DE3A5D /* Release */,
			);
			defaultConfigurationIsVisible = 0;
			defaultConfigurationName = Release;
		};
/* End XCConfigurationList section */
	};
	rootObject = B38CDFAB2E09B29300DE3A5D /* Project object */;
}
